// !$*UTF8*$!
{
	archiveVersion = 1;
	classes = {
	};
	objectVersion = 56;
	objects = {

/* Begin PBXBuildFile section */
		606FAED529EAF0AA002C7AC4 /* NetworkError.swift in Sources */ = {isa = PBXBuildFile; fileRef = 606FAED429EAF0AA002C7AC4 /* NetworkError.swift */; };
		606FAED829EAFE75002C7AC4 /* AlertMessage.swift in Sources */ = {isa = PBXBuildFile; fileRef = 606FAED729EAFE75002C7AC4 /* AlertMessage.swift */; };
		60A1908629E8B201004937CD /* NSNotificationName.swift in Sources */ = {isa = PBXBuildFile; fileRef = 60A1908529E8B201004937CD /* NSNotificationName.swift */; };
		60A1908829E8B844004937CD /* UITextField+SecureToggle.swift in Sources */ = {isa = PBXBuildFile; fileRef = 60A1908729E8B844004937CD /* UITextField+SecureToggle.swift */; };
		60A1908C29E8C70B004937CD /* ShakeyBellView.swift in Sources */ = {isa = PBXBuildFile; fileRef = 60A1908B29E8C70B004937CD /* ShakeyBellView.swift */; };
		60B03BFB29E73A6F00A7B1DB /* MainViewController.swift in Sources */ = {isa = PBXBuildFile; fileRef = 60B03BFA29E73A6F00A7B1DB /* MainViewController.swift */; };
		60B03BFD29E73B5900A7B1DB /* UIViewController+Utils.swift in Sources */ = {isa = PBXBuildFile; fileRef = 60B03BFC29E73B5900A7B1DB /* UIViewController+Utils.swift */; };
		60B03C0E29E7470F00A7B1DB /* AccountSummaryViewController.swift in Sources */ = {isa = PBXBuildFile; fileRef = 60B03C0D29E7470F00A7B1DB /* AccountSummaryViewController.swift */; };
		60B03C1529E7498400A7B1DB /* AccountSummaryHeaderView.xib in Resources */ = {isa = PBXBuildFile; fileRef = 60B03C1429E7498400A7B1DB /* AccountSummaryHeaderView.xib */; };
		60B03C1729E7499400A7B1DB /* AccountSummaryHeaderView.swift in Sources */ = {isa = PBXBuildFile; fileRef = 60B03C1629E7499300A7B1DB /* AccountSummaryHeaderView.swift */; };
		60B03C1A29E761AB00A7B1DB /* AccountSummaryCell.swift in Sources */ = {isa = PBXBuildFile; fileRef = 60B03C1929E761AB00A7B1DB /* AccountSummaryCell.swift */; };
		60B03C1C29E76E8C00A7B1DB /* Decimal.swift in Sources */ = {isa = PBXBuildFile; fileRef = 60B03C1B29E76E8C00A7B1DB /* Decimal.swift */; };
		60B03C1E29E76EA100A7B1DB /* CurrencyFormatter.swift in Sources */ = {isa = PBXBuildFile; fileRef = 60B03C1D29E76EA100A7B1DB /* CurrencyFormatter.swift */; };
		60C134C829E972F500EA6634 /* Date+Utils.swift in Sources */ = {isa = PBXBuildFile; fileRef = 60C134C729E972F500EA6634 /* Date+Utils.swift */; };
		60C134CB29E975A400EA6634 /* Profile.swift in Sources */ = {isa = PBXBuildFile; fileRef = 60C134CA29E975A400EA6634 /* Profile.swift */; };
		60C134CF29E975EC00EA6634 /* SummaryService.swift in Sources */ = {isa = PBXBuildFile; fileRef = 60C134CE29E975EC00EA6634 /* SummaryService.swift */; };
		60C134D229E97BC900EA6634 /* AccountService.swift in Sources */ = {isa = PBXBuildFile; fileRef = 60C134D129E97BC900EA6634 /* AccountService.swift */; };
		60C134D429E97BCF00EA6634 /* Account.swift in Sources */ = {isa = PBXBuildFile; fileRef = 60C134D329E97BCF00EA6634 /* Account.swift */; };
		60C134EE29E9871E00EA6634 /* BankeyUITests.swift in Sources */ = {isa = PBXBuildFile; fileRef = 60C134ED29E9871E00EA6634 /* BankeyUITests.swift */; };
		60C134F629E9872E00EA6634 /* ProfileTest.swift in Sources */ = {isa = PBXBuildFile; fileRef = 60C134F529E9872E00EA6634 /* ProfileTest.swift */; };
		60C134F829E9878300EA6634 /* AccountTest.swift in Sources */ = {isa = PBXBuildFile; fileRef = 60C134F729E9878300EA6634 /* AccountTest.swift */; };
		60F6FE1829E4AC640084C90E /* AppDelegate.swift in Sources */ = {isa = PBXBuildFile; fileRef = 60F6FE1729E4AC640084C90E /* AppDelegate.swift */; };
		60F6FE1C29E4AC640084C90E /* LoginViewController.swift in Sources */ = {isa = PBXBuildFile; fileRef = 60F6FE1B29E4AC640084C90E /* LoginViewController.swift */; };
		60F6FE2129E4AC650084C90E /* Assets.xcassets in Resources */ = {isa = PBXBuildFile; fileRef = 60F6FE2029E4AC650084C90E /* Assets.xcassets */; };
		60F6FE2429E4AC650084C90E /* LaunchScreen.storyboard in Resources */ = {isa = PBXBuildFile; fileRef = 60F6FE2229E4AC650084C90E /* LaunchScreen.storyboard */; };
		60F6FE3129E4B25D0084C90E /* LoginView.swift in Sources */ = {isa = PBXBuildFile; fileRef = 60F6FE3029E4B25D0084C90E /* LoginView.swift */; };
		60F90D2829E613DC00233877 /* OnboardingContainerViewController.swift in Sources */ = {isa = PBXBuildFile; fileRef = 60F90D2729E613DC00233877 /* OnboardingContainerViewController.swift */; };
		60F90D2B29E6167E00233877 /* OnboardingViewController.swift in Sources */ = {isa = PBXBuildFile; fileRef = 60F90D2A29E6167E00233877 /* OnboardingViewController.swift */; };
		60F90D2E29E62F2900233877 /* DummyViewController.swift in Sources */ = {isa = PBXBuildFile; fileRef = 60F90D2D29E62F2900233877 /* DummyViewController.swift */; };
		60F90D3129E6338300233877 /* LocaleState.swift in Sources */ = {isa = PBXBuildFile; fileRef = 60F90D3029E6338300233877 /* LocaleState.swift */; };
/* End PBXBuildFile section */

/* Begin PBXContainerItemProxy section */
		60C134DF29E9867300EA6634 /* PBXContainerItemProxy */ = {
			isa = PBXContainerItemProxy;
			containerPortal = 60F6FE0C29E4AC640084C90E /* Project object */;
			proxyType = 1;
			remoteGlobalIDString = 60F6FE1329E4AC640084C90E;
			remoteInfo = Bankey;
		};
		60C134EF29E9871E00EA6634 /* PBXContainerItemProxy */ = {
			isa = PBXContainerItemProxy;
			containerPortal = 60F6FE0C29E4AC640084C90E /* Project object */;
			proxyType = 1;
			remoteGlobalIDString = 60F6FE1329E4AC640084C90E;
			remoteInfo = Bankey;
		};
/* End PBXContainerItemProxy section */

/* Begin PBXFileReference section */
		606FAED429EAF0AA002C7AC4 /* NetworkError.swift */ = {isa = PBXFileReference; lastKnownFileType = sourcecode.swift; path = NetworkError.swift; sourceTree = "<group>"; };
		606FAED729EAFE75002C7AC4 /* AlertMessage.swift */ = {isa = PBXFileReference; lastKnownFileType = sourcecode.swift; path = AlertMessage.swift; sourceTree = "<group>"; };
		60A1908529E8B201004937CD /* NSNotificationName.swift */ = {isa = PBXFileReference; lastKnownFileType = sourcecode.swift; path = NSNotificationName.swift; sourceTree = "<group>"; };
		60A1908729E8B844004937CD /* UITextField+SecureToggle.swift */ = {isa = PBXFileReference; lastKnownFileType = sourcecode.swift; path = "UITextField+SecureToggle.swift"; sourceTree = "<group>"; };
		60A1908B29E8C70B004937CD /* ShakeyBellView.swift */ = {isa = PBXFileReference; lastKnownFileType = sourcecode.swift; path = ShakeyBellView.swift; sourceTree = "<group>"; };
		60B03BFA29E73A6F00A7B1DB /* MainViewController.swift */ = {isa = PBXFileReference; lastKnownFileType = sourcecode.swift; path = MainViewController.swift; sourceTree = "<group>"; };
		60B03BFC29E73B5900A7B1DB /* UIViewController+Utils.swift */ = {isa = PBXFileReference; lastKnownFileType = sourcecode.swift; path = "UIViewController+Utils.swift"; sourceTree = "<group>"; };
		60B03C0D29E7470F00A7B1DB /* AccountSummaryViewController.swift */ = {isa = PBXFileReference; lastKnownFileType = sourcecode.swift; path = AccountSummaryViewController.swift; sourceTree = "<group>"; };
		60B03C1429E7498400A7B1DB /* AccountSummaryHeaderView.xib */ = {isa = PBXFileReference; lastKnownFileType = file.xib; path = AccountSummaryHeaderView.xib; sourceTree = "<group>"; };
		60B03C1629E7499300A7B1DB /* AccountSummaryHeaderView.swift */ = {isa = PBXFileReference; lastKnownFileType = sourcecode.swift; path = AccountSummaryHeaderView.swift; sourceTree = "<group>"; };
		60B03C1929E761AB00A7B1DB /* AccountSummaryCell.swift */ = {isa = PBXFileReference; lastKnownFileType = sourcecode.swift; path = AccountSummaryCell.swift; sourceTree = "<group>"; };
		60B03C1B29E76E8C00A7B1DB /* Decimal.swift */ = {isa = PBXFileReference; lastKnownFileType = sourcecode.swift; path = Decimal.swift; sourceTree = "<group>"; };
		60B03C1D29E76EA100A7B1DB /* CurrencyFormatter.swift */ = {isa = PBXFileReference; lastKnownFileType = sourcecode.swift; path = CurrencyFormatter.swift; sourceTree = "<group>"; };
		60C134C729E972F500EA6634 /* Date+Utils.swift */ = {isa = PBXFileReference; lastKnownFileType = sourcecode.swift; path = "Date+Utils.swift"; sourceTree = "<group>"; };
		60C134CA29E975A400EA6634 /* Profile.swift */ = {isa = PBXFileReference; lastKnownFileType = sourcecode.swift; path = Profile.swift; sourceTree = "<group>"; };
		60C134CE29E975EC00EA6634 /* SummaryService.swift */ = {isa = PBXFileReference; lastKnownFileType = sourcecode.swift; path = SummaryService.swift; sourceTree = "<group>"; };
		60C134D129E97BC900EA6634 /* AccountService.swift */ = {isa = PBXFileReference; lastKnownFileType = sourcecode.swift; path = AccountService.swift; sourceTree = "<group>"; };
		60C134D329E97BCF00EA6634 /* Account.swift */ = {isa = PBXFileReference; lastKnownFileType = sourcecode.swift; path = Account.swift; sourceTree = "<group>"; };
		60C134DB29E9867300EA6634 /* BankeyUI,Tests.xctest */ = {isa = PBXFileReference; explicitFileType = wrapper.cfbundle; includeInIndex = 0; path = "BankeyUI,Tests.xctest"; sourceTree = BUILT_PRODUCTS_DIR; };
		60C134EB29E9871E00EA6634 /* BankeyUITests.xctest */ = {isa = PBXFileReference; explicitFileType = wrapper.cfbundle; includeInIndex = 0; path = BankeyUITests.xctest; sourceTree = BUILT_PRODUCTS_DIR; };
		60C134ED29E9871E00EA6634 /* BankeyUITests.swift */ = {isa = PBXFileReference; lastKnownFileType = sourcecode.swift; path = BankeyUITests.swift; sourceTree = "<group>"; };
		60C134F529E9872E00EA6634 /* ProfileTest.swift */ = {isa = PBXFileReference; lastKnownFileType = sourcecode.swift; path = ProfileTest.swift; sourceTree = "<group>"; };
		60C134F729E9878300EA6634 /* AccountTest.swift */ = {isa = PBXFileReference; lastKnownFileType = sourcecode.swift; path = AccountTest.swift; sourceTree = "<group>"; };
		60F6FE1429E4AC640084C90E /* Bankey.app */ = {isa = PBXFileReference; explicitFileType = wrapper.application; includeInIndex = 0; path = Bankey.app; sourceTree = BUILT_PRODUCTS_DIR; };
		60F6FE1729E4AC640084C90E /* AppDelegate.swift */ = {isa = PBXFileReference; lastKnownFileType = sourcecode.swift; path = AppDelegate.swift; sourceTree = "<group>"; };
		60F6FE1B29E4AC640084C90E /* LoginViewController.swift */ = {isa = PBXFileReference; lastKnownFileType = sourcecode.swift; path = LoginViewController.swift; sourceTree = "<group>"; };
		60F6FE2029E4AC650084C90E /* Assets.xcassets */ = {isa = PBXFileReference; lastKnownFileType = folder.assetcatalog; path = Assets.xcassets; sourceTree = "<group>"; };
		60F6FE2329E4AC650084C90E /* Base */ = {isa = PBXFileReference; lastKnownFileType = file.storyboard; name = Base; path = Base.lproj/LaunchScreen.storyboard; sourceTree = "<group>"; };
		60F6FE2529E4AC650084C90E /* Info.plist */ = {isa = PBXFileReference; lastKnownFileType = text.plist.xml; path = Info.plist; sourceTree = "<group>"; };
		60F6FE3029E4B25D0084C90E /* LoginView.swift */ = {isa = PBXFileReference; lastKnownFileType = sourcecode.swift; path = LoginView.swift; sourceTree = "<group>"; };
		60F90D2729E613DC00233877 /* OnboardingContainerViewController.swift */ = {isa = PBXFileReference; lastKnownFileType = sourcecode.swift; path = OnboardingContainerViewController.swift; sourceTree = "<group>"; };
		60F90D2A29E6167E00233877 /* OnboardingViewController.swift */ = {isa = PBXFileReference; lastKnownFileType = sourcecode.swift; path = OnboardingViewController.swift; sourceTree = "<group>"; };
		60F90D2D29E62F2900233877 /* DummyViewController.swift */ = {isa = PBXFileReference; lastKnownFileType = sourcecode.swift; path = DummyViewController.swift; sourceTree = "<group>"; };
		60F90D3029E6338300233877 /* LocaleState.swift */ = {isa = PBXFileReference; lastKnownFileType = sourcecode.swift; path = LocaleState.swift; sourceTree = "<group>"; };
/* End PBXFileReference section */

/* Begin PBXFrameworksBuildPhase section */
		60C134D829E9867300EA6634 /* Frameworks */ = {
			isa = PBXFrameworksBuildPhase;
			buildActionMask = 2147483647;
			files = (
			);
			runOnlyForDeploymentPostprocessing = 0;
		};
		60C134E829E9871E00EA6634 /* Frameworks */ = {
			isa = PBXFrameworksBuildPhase;
			buildActionMask = 2147483647;
			files = (
			);
			runOnlyForDeploymentPostprocessing = 0;
		};
		60F6FE1129E4AC640084C90E /* Frameworks */ = {
			isa = PBXFrameworksBuildPhase;
			buildActionMask = 2147483647;
			files = (
			);
			runOnlyForDeploymentPostprocessing = 0;
		};
/* End PBXFrameworksBuildPhase section */

/* Begin PBXGroup section */
		606FAED629EAFE6D002C7AC4 /* Helpers */ = {
			isa = PBXGroup;
			children = (
				606FAED729EAFE75002C7AC4 /* AlertMessage.swift */,
			);
			name = Helpers;
			sourceTree = "<group>";
		};
		60A1908929E8C6FB004937CD /* Helper */ = {
			isa = PBXGroup;
			children = (
				60A1908A29E8C703004937CD /* ShakeyBellView */,
			);
			path = Helper;
			sourceTree = "<group>";
		};
		60A1908A29E8C703004937CD /* ShakeyBellView */ = {
			isa = PBXGroup;
			children = (
				60A1908B29E8C70B004937CD /* ShakeyBellView.swift */,
			);
			path = ShakeyBellView;
			sourceTree = "<group>";
		};
		60B03BF929E73A6300A7B1DB /* Main */ = {
			isa = PBXGroup;
			children = (
				60B03BFA29E73A6F00A7B1DB /* MainViewController.swift */,
			);
			path = Main;
			sourceTree = "<group>";
		};
		60B03C0C29E7470300A7B1DB /* Account */ = {
			isa = PBXGroup;
			children = (
				60B03C0F29E7493600A7B1DB /* Summary */,
			);
			path = Account;
			sourceTree = "<group>";
		};
		60B03C0F29E7493600A7B1DB /* Summary */ = {
			isa = PBXGroup;
			children = (
				60B03C1829E7619C00A7B1DB /* Header */,
				60B03C1029E7493D00A7B1DB /* Cell */,
				60B03C0D29E7470F00A7B1DB /* AccountSummaryViewController.swift */,
			);
			path = Summary;
			sourceTree = "<group>";
		};
		60B03C1029E7493D00A7B1DB /* Cell */ = {
			isa = PBXGroup;
			children = (
				60B03C1929E761AB00A7B1DB /* AccountSummaryCell.swift */,
			);
			path = Cell;
			sourceTree = "<group>";
		};
		60B03C1829E7619C00A7B1DB /* Header */ = {
			isa = PBXGroup;
			children = (
				60B03C1429E7498400A7B1DB /* AccountSummaryHeaderView.xib */,
				60B03C1629E7499300A7B1DB /* AccountSummaryHeaderView.swift */,
			);
			path = Header;
			sourceTree = "<group>";
		};
		60C134C929E9759400EA6634 /* Models */ = {
			isa = PBXGroup;
			children = (
				60C134CA29E975A400EA6634 /* Profile.swift */,
				60C134D329E97BCF00EA6634 /* Account.swift */,
			);
			name = Models;
			sourceTree = "<group>";
		};
		60C134CC29E975B300EA6634 /* Network */ = {
			isa = PBXGroup;
			children = (
				60C134D029E97BC000EA6634 /* Account */,
				60C134CD29E975C100EA6634 /* Summary */,
				606FAED429EAF0AA002C7AC4 /* NetworkError.swift */,
			);
			name = Network;
			sourceTree = "<group>";
		};
		60C134CD29E975C100EA6634 /* Summary */ = {
			isa = PBXGroup;
			children = (
				60C134CE29E975EC00EA6634 /* SummaryService.swift */,
			);
			name = Summary;
			sourceTree = "<group>";
		};
		60C134D029E97BC000EA6634 /* Account */ = {
			isa = PBXGroup;
			children = (
				60C134D129E97BC900EA6634 /* AccountService.swift */,
			);
			name = Account;
			sourceTree = "<group>";
		};
		60C134EC29E9871E00EA6634 /* BankeyUITests */ = {
			isa = PBXGroup;
			children = (
				60C134F429E9872400EA6634 /* AccountSummary */,
				60C134ED29E9871E00EA6634 /* BankeyUITests.swift */,
			);
			path = BankeyUITests;
			sourceTree = "<group>";
		};
		60C134F429E9872400EA6634 /* AccountSummary */ = {
			isa = PBXGroup;
			children = (
				60C134F529E9872E00EA6634 /* ProfileTest.swift */,
				60C134F729E9878300EA6634 /* AccountTest.swift */,
			);
			path = AccountSummary;
			sourceTree = "<group>";
		};
		60F6FE0B29E4AC640084C90E = {
			isa = PBXGroup;
			children = (
				60F6FE1629E4AC640084C90E /* Bankey */,
				60C134EC29E9871E00EA6634 /* BankeyUITests */,
				60F6FE1529E4AC640084C90E /* Products */,
			);
			sourceTree = "<group>";
		};
		60F6FE1529E4AC640084C90E /* Products */ = {
			isa = PBXGroup;
			children = (
				60F6FE1429E4AC640084C90E /* Bankey.app */,
				60C134DB29E9867300EA6634 /* BankeyUI,Tests.xctest */,
				60C134EB29E9871E00EA6634 /* BankeyUITests.xctest */,
			);
			name = Products;
			sourceTree = "<group>";
		};
		60F6FE1629E4AC640084C90E /* Bankey */ = {
			isa = PBXGroup;
			children = (
				606FAED629EAFE6D002C7AC4 /* Helpers */,
				60C134CC29E975B300EA6634 /* Network */,
				60C134C929E9759400EA6634 /* Models */,
				60F90D2F29E6337B00233877 /* Utils */,
				60F6FE2D29E4B21B0084C90E /* Scene */,
				60F6FE2C29E4B2090084C90E /* Files */,
				60F6FE1729E4AC640084C90E /* AppDelegate.swift */,
			);
			path = Bankey;
			sourceTree = "<group>";
		};
		60F6FE2C29E4B2090084C90E /* Files */ = {
			isa = PBXGroup;
			children = (
				60F6FE2029E4AC650084C90E /* Assets.xcassets */,
				60F6FE2229E4AC650084C90E /* LaunchScreen.storyboard */,
				60F6FE2529E4AC650084C90E /* Info.plist */,
			);
			name = Files;
			sourceTree = "<group>";
		};
		60F6FE2D29E4B21B0084C90E /* Scene */ = {
			isa = PBXGroup;
			children = (
				60A1908929E8C6FB004937CD /* Helper */,
				60B03C0C29E7470300A7B1DB /* Account */,
				60B03BF929E73A6300A7B1DB /* Main */,
				60F90D2629E613C800233877 /* Onboarding */,
				60F6FE2E29E4B2210084C90E /* Login */,
			);
			name = Scene;
			sourceTree = "<group>";
		};
		60F6FE2E29E4B2210084C90E /* Login */ = {
			isa = PBXGroup;
			children = (
				60F90D2C29E62F1B00233877 /* Controller */,
				60F6FE2F29E4B2540084C90E /* View */,
			);
			path = Login;
			sourceTree = "<group>";
		};
		60F6FE2F29E4B2540084C90E /* View */ = {
			isa = PBXGroup;
			children = (
				60F6FE3029E4B25D0084C90E /* LoginView.swift */,
			);
			path = View;
			sourceTree = "<group>";
		};
		60F90D2629E613C800233877 /* Onboarding */ = {
			isa = PBXGroup;
			children = (
				60F90D2929E6167000233877 /* Container */,
				60F90D2A29E6167E00233877 /* OnboardingViewController.swift */,
			);
			path = Onboarding;
			sourceTree = "<group>";
		};
		60F90D2929E6167000233877 /* Container */ = {
			isa = PBXGroup;
			children = (
				60F90D2729E613DC00233877 /* OnboardingContainerViewController.swift */,
			);
			path = Container;
			sourceTree = "<group>";
		};
		60F90D2C29E62F1B00233877 /* Controller */ = {
			isa = PBXGroup;
			children = (
				60F6FE1B29E4AC640084C90E /* LoginViewController.swift */,
				60F90D2D29E62F2900233877 /* DummyViewController.swift */,
			);
			path = Controller;
			sourceTree = "<group>";
		};
		60F90D2F29E6337B00233877 /* Utils */ = {
			isa = PBXGroup;
			children = (
				60F90D3029E6338300233877 /* LocaleState.swift */,
				60B03BFC29E73B5900A7B1DB /* UIViewController+Utils.swift */,
				60B03C1B29E76E8C00A7B1DB /* Decimal.swift */,
				60B03C1D29E76EA100A7B1DB /* CurrencyFormatter.swift */,
				60A1908529E8B201004937CD /* NSNotificationName.swift */,
				60A1908729E8B844004937CD /* UITextField+SecureToggle.swift */,
				60C134C729E972F500EA6634 /* Date+Utils.swift */,
			);
			name = Utils;
			sourceTree = "<group>";
		};
/* End PBXGroup section */

/* Begin PBXNativeTarget section */
		60C134DA29E9867300EA6634 /* BankeyUI,Tests */ = {
			isa = PBXNativeTarget;
			buildConfigurationList = 60C134E129E9867300EA6634 /* Build configuration list for PBXNativeTarget "BankeyUI,Tests" */;
			buildPhases = (
				60C134D729E9867300EA6634 /* Sources */,
				60C134D829E9867300EA6634 /* Frameworks */,
				60C134D929E9867300EA6634 /* Resources */,
			);
			buildRules = (
			);
			dependencies = (
				60C134E029E9867300EA6634 /* PBXTargetDependency */,
			);
			name = "BankeyUI,Tests";
			productName = "BankeyUI,Tests";
			productReference = 60C134DB29E9867300EA6634 /* BankeyUI,Tests.xctest */;
			productType = "com.apple.product-type.bundle.unit-test";
		};
		60C134EA29E9871E00EA6634 /* BankeyUITests */ = {
			isa = PBXNativeTarget;
			buildConfigurationList = 60C134F129E9871E00EA6634 /* Build configuration list for PBXNativeTarget "BankeyUITests" */;
			buildPhases = (
				60C134E729E9871E00EA6634 /* Sources */,
				60C134E829E9871E00EA6634 /* Frameworks */,
				60C134E929E9871E00EA6634 /* Resources */,
			);
			buildRules = (
			);
			dependencies = (
				60C134F029E9871E00EA6634 /* PBXTargetDependency */,
			);
			name = BankeyUITests;
			productName = BankeyUITests;
			productReference = 60C134EB29E9871E00EA6634 /* BankeyUITests.xctest */;
			productType = "com.apple.product-type.bundle.unit-test";
		};
		60F6FE1329E4AC640084C90E /* Bankey */ = {
			isa = PBXNativeTarget;
			buildConfigurationList = 60F6FE2829E4AC650084C90E /* Build configuration list for PBXNativeTarget "Bankey" */;
			buildPhases = (
				60F6FE1029E4AC640084C90E /* Sources */,
				60F6FE1129E4AC640084C90E /* Frameworks */,
				60F6FE1229E4AC640084C90E /* Resources */,
			);
			buildRules = (
			);
			dependencies = (
			);
			name = Bankey;
			productName = Bankey;
			productReference = 60F6FE1429E4AC640084C90E /* Bankey.app */;
			productType = "com.apple.product-type.application";
		};
/* End PBXNativeTarget section */

/* Begin PBXProject section */
		60F6FE0C29E4AC640084C90E /* Project object */ = {
			isa = PBXProject;
			attributes = {
				BuildIndependentTargetsInParallel = 1;
				LastSwiftUpdateCheck = 1430;
				LastUpgradeCheck = 1430;
				TargetAttributes = {
					60C134DA29E9867300EA6634 = {
						CreatedOnToolsVersion = 14.3;
						TestTargetID = 60F6FE1329E4AC640084C90E;
					};
					60C134EA29E9871E00EA6634 = {
						CreatedOnToolsVersion = 14.3;
						TestTargetID = 60F6FE1329E4AC640084C90E;
					};
					60F6FE1329E4AC640084C90E = {
						CreatedOnToolsVersion = 14.3;
					};
				};
			};
			buildConfigurationList = 60F6FE0F29E4AC640084C90E /* Build configuration list for PBXProject "Bankey" */;
			compatibilityVersion = "Xcode 14.0";
			developmentRegion = en;
			hasScannedForEncodings = 0;
			knownRegions = (
				en,
				Base,
			);
			mainGroup = 60F6FE0B29E4AC640084C90E;
			productRefGroup = 60F6FE1529E4AC640084C90E /* Products */;
			projectDirPath = "";
			projectRoot = "";
			targets = (
				60F6FE1329E4AC640084C90E /* Bankey */,
				60C134DA29E9867300EA6634 /* BankeyUI,Tests */,
				60C134EA29E9871E00EA6634 /* BankeyUITests */,
			);
		};
/* End PBXProject section */

/* Begin PBXResourcesBuildPhase section */
		60C134D929E9867300EA6634 /* Resources */ = {
			isa = PBXResourcesBuildPhase;
			buildActionMask = 2147483647;
			files = (
			);
			runOnlyForDeploymentPostprocessing = 0;
		};
		60C134E929E9871E00EA6634 /* Resources */ = {
			isa = PBXResourcesBuildPhase;
			buildActionMask = 2147483647;
			files = (
			);
			runOnlyForDeploymentPostprocessing = 0;
		};
		60F6FE1229E4AC640084C90E /* Resources */ = {
			isa = PBXResourcesBuildPhase;
			buildActionMask = 2147483647;
			files = (
				60B03C1529E7498400A7B1DB /* AccountSummaryHeaderView.xib in Resources */,
				60F6FE2429E4AC650084C90E /* LaunchScreen.storyboard in Resources */,
				60F6FE2129E4AC650084C90E /* Assets.xcassets in Resources */,
			);
			runOnlyForDeploymentPostprocessing = 0;
		};
/* End PBXResourcesBuildPhase section */

/* Begin PBXSourcesBuildPhase section */
		60C134D729E9867300EA6634 /* Sources */ = {
			isa = PBXSourcesBuildPhase;
			buildActionMask = 2147483647;
			files = (
			);
			runOnlyForDeploymentPostprocessing = 0;
		};
		60C134E729E9871E00EA6634 /* Sources */ = {
			isa = PBXSourcesBuildPhase;
			buildActionMask = 2147483647;
			files = (
				60C134EE29E9871E00EA6634 /* BankeyUITests.swift in Sources */,
				60C134F829E9878300EA6634 /* AccountTest.swift in Sources */,
				60C134F629E9872E00EA6634 /* ProfileTest.swift in Sources */,
			);
			runOnlyForDeploymentPostprocessing = 0;
		};
		60F6FE1029E4AC640084C90E /* Sources */ = {
			isa = PBXSourcesBuildPhase;
			buildActionMask = 2147483647;
			files = (
				60F6FE3129E4B25D0084C90E /* LoginView.swift in Sources */,
				60C134D429E97BCF00EA6634 /* Account.swift in Sources */,
				60C134C829E972F500EA6634 /* Date+Utils.swift in Sources */,
				60F90D2E29E62F2900233877 /* DummyViewController.swift in Sources */,
				60B03BFD29E73B5900A7B1DB /* UIViewController+Utils.swift in Sources */,
				60B03C1729E7499400A7B1DB /* AccountSummaryHeaderView.swift in Sources */,
				60A1908829E8B844004937CD /* UITextField+SecureToggle.swift in Sources */,
				60F90D3129E6338300233877 /* LocaleState.swift in Sources */,
				60B03C1E29E76EA100A7B1DB /* CurrencyFormatter.swift in Sources */,
				60B03C1C29E76E8C00A7B1DB /* Decimal.swift in Sources */,
				606FAED829EAFE75002C7AC4 /* AlertMessage.swift in Sources */,
				606FAED529EAF0AA002C7AC4 /* NetworkError.swift in Sources */,
				60A1908629E8B201004937CD /* NSNotificationName.swift in Sources */,
				60C134CF29E975EC00EA6634 /* SummaryService.swift in Sources */,
				60F6FE1C29E4AC640084C90E /* LoginViewController.swift in Sources */,
				60A1908C29E8C70B004937CD /* ShakeyBellView.swift in Sources */,
				60B03C1A29E761AB00A7B1DB /* AccountSummaryCell.swift in Sources */,
				60F90D2B29E6167E00233877 /* OnboardingViewController.swift in Sources */,
				60F6FE1829E4AC640084C90E /* AppDelegate.swift in Sources */,
				60B03C0E29E7470F00A7B1DB /* AccountSummaryViewController.swift in Sources */,
				60C134CB29E975A400EA6634 /* Profile.swift in Sources */,
				60C134D229E97BC900EA6634 /* AccountService.swift in Sources */,
				60F90D2829E613DC00233877 /* OnboardingContainerViewController.swift in Sources */,
				60B03BFB29E73A6F00A7B1DB /* MainViewController.swift in Sources */,
			);
			runOnlyForDeploymentPostprocessing = 0;
		};
/* End PBXSourcesBuildPhase section */

/* Begin PBXTargetDependency section */
		60C134E029E9867300EA6634 /* PBXTargetDependency */ = {
			isa = PBXTargetDependency;
			target = 60F6FE1329E4AC640084C90E /* Bankey */;
			targetProxy = 60C134DF29E9867300EA6634 /* PBXContainerItemProxy */;
		};
		60C134F029E9871E00EA6634 /* PBXTargetDependency */ = {
			isa = PBXTargetDependency;
			target = 60F6FE1329E4AC640084C90E /* Bankey */;
			targetProxy = 60C134EF29E9871E00EA6634 /* PBXContainerItemProxy */;
		};
/* End PBXTargetDependency section */

/* Begin PBXVariantGroup section */
		60F6FE2229E4AC650084C90E /* LaunchScreen.storyboard */ = {
			isa = PBXVariantGroup;
			children = (
				60F6FE2329E4AC650084C90E /* Base */,
			);
			name = LaunchScreen.storyboard;
			sourceTree = "<group>";
		};
/* End PBXVariantGroup section */

/* Begin XCBuildConfiguration section */
		60C134E229E9867300EA6634 /* Debug */ = {
			isa = XCBuildConfiguration;
			buildSettings = {
				BUNDLE_LOADER = "$(TEST_HOST)";
				CODE_SIGN_STYLE = Automatic;
				CURRENT_PROJECT_VERSION = 1;
				DEVELOPMENT_TEAM = WL3K4A7DH8;
				GENERATE_INFOPLIST_FILE = YES;
				MARKETING_VERSION = 1.0;
				PRODUCT_BUNDLE_IDENTIFIER = "com.barisdilekci.BankeyUI-Tests";
				PRODUCT_NAME = "$(TARGET_NAME)";
				SWIFT_EMIT_LOC_STRINGS = NO;
				SWIFT_VERSION = 5.0;
				TARGETED_DEVICE_FAMILY = "1,2";
				TEST_HOST = "$(BUILT_PRODUCTS_DIR)/Bankey.app/$(BUNDLE_EXECUTABLE_FOLDER_PATH)/Bankey";
			};
			name = Debug;
		};
		60C134E329E9867300EA6634 /* Release */ = {
			isa = XCBuildConfiguration;
			buildSettings = {
				BUNDLE_LOADER = "$(TEST_HOST)";
				CODE_SIGN_STYLE = Automatic;
				CURRENT_PROJECT_VERSION = 1;
				DEVELOPMENT_TEAM = WL3K4A7DH8;
				GENERATE_INFOPLIST_FILE = YES;
				MARKETING_VERSION = 1.0;
				PRODUCT_BUNDLE_IDENTIFIER = "com.barisdilekci.BankeyUI-Tests";
				PRODUCT_NAME = "$(TARGET_NAME)";
				SWIFT_EMIT_LOC_STRINGS = NO;
				SWIFT_VERSION = 5.0;
				TARGETED_DEVICE_FAMILY = "1,2";
				TEST_HOST = "$(BUILT_PRODUCTS_DIR)/Bankey.app/$(BUNDLE_EXECUTABLE_FOLDER_PATH)/Bankey";
			};
			name = Release;
		};
		60C134F229E9871E00EA6634 /* Debug */ = {
			isa = XCBuildConfiguration;
			buildSettings = {
				BUNDLE_LOADER = "$(TEST_HOST)";
				CODE_SIGN_STYLE = Automatic;
				CURRENT_PROJECT_VERSION = 1;
				DEVELOPMENT_TEAM = WL3K4A7DH8;
				GENERATE_INFOPLIST_FILE = YES;
				MARKETING_VERSION = 1.0;
				PRODUCT_BUNDLE_IDENTIFIER = com.barisdilekci.BankeyUITests;
				PRODUCT_NAME = "$(TARGET_NAME)";
				SWIFT_EMIT_LOC_STRINGS = NO;
				SWIFT_VERSION = 5.0;
				TARGETED_DEVICE_FAMILY = "1,2";
				TEST_HOST = "$(BUILT_PRODUCTS_DIR)/Bankey.app/$(BUNDLE_EXECUTABLE_FOLDER_PATH)/Bankey";
			};
			name = Debug;
		};
		60C134F329E9871E00EA6634 /* Release */ = {
			isa = XCBuildConfiguration;
			buildSettings = {
				BUNDLE_LOADER = "$(TEST_HOST)";
				CODE_SIGN_STYLE = Automatic;
				CURRENT_PROJECT_VERSION = 1;
				DEVELOPMENT_TEAM = WL3K4A7DH8;
				GENERATE_INFOPLIST_FILE = YES;
				MARKETING_VERSION = 1.0;
				PRODUCT_BUNDLE_IDENTIFIER = com.barisdilekci.BankeyUITests;
				PRODUCT_NAME = "$(TARGET_NAME)";
				SWIFT_EMIT_LOC_STRINGS = NO;
				SWIFT_VERSION = 5.0;
				TARGETED_DEVICE_FAMILY = "1,2";
				TEST_HOST = "$(BUILT_PRODUCTS_DIR)/Bankey.app/$(BUNDLE_EXECUTABLE_FOLDER_PATH)/Bankey";
			};
			name = Release;
		};
		60F6FE2629E4AC650084C90E /* Debug */ = {
			isa = XCBuildConfiguration;
			buildSettings = {
				ALWAYS_SEARCH_USER_PATHS = NO;
				CLANG_ANALYZER_NONNULL = YES;
				CLANG_ANALYZER_NUMBER_OBJECT_CONVERSION = YES_AGGRESSIVE;
				CLANG_CXX_LANGUAGE_STANDARD = "gnu++20";
				CLANG_ENABLE_MODULES = YES;
				CLANG_ENABLE_OBJC_ARC = YES;
				CLANG_ENABLE_OBJC_WEAK = YES;
				CLANG_WARN_BLOCK_CAPTURE_AUTORELEASING = YES;
				CLANG_WARN_BOOL_CONVERSION = YES;
				CLANG_WARN_COMMA = YES;
				CLANG_WARN_CONSTANT_CONVERSION = YES;
				CLANG_WARN_DEPRECATED_OBJC_IMPLEMENTATIONS = YES;
				CLANG_WARN_DIRECT_OBJC_ISA_USAGE = YES_ERROR;
				CLANG_WARN_DOCUMENTATION_COMMENTS = YES;
				CLANG_WARN_EMPTY_BODY = YES;
				CLANG_WARN_ENUM_CONVERSION = YES;
				CLANG_WARN_INFINITE_RECURSION = YES;
				CLANG_WARN_INT_CONVERSION = YES;
				CLANG_WARN_NON_LITERAL_NULL_CONVERSION = YES;
				CLANG_WARN_OBJC_IMPLICIT_RETAIN_SELF = YES;
				CLANG_WARN_OBJC_LITERAL_CONVERSION = YES;
				CLANG_WARN_OBJC_ROOT_CLASS = YES_ERROR;
				CLANG_WARN_QUOTED_INCLUDE_IN_FRAMEWORK_HEADER = YES;
				CLANG_WARN_RANGE_LOOP_ANALYSIS = YES;
				CLANG_WARN_STRICT_PROTOTYPES = YES;
				CLANG_WARN_SUSPICIOUS_MOVE = YES;
				CLANG_WARN_UNGUARDED_AVAILABILITY = YES_AGGRESSIVE;
				CLANG_WARN_UNREACHABLE_CODE = YES;
				CLANG_WARN__DUPLICATE_METHOD_MATCH = YES;
				COPY_PHASE_STRIP = NO;
				DEBUG_INFORMATION_FORMAT = dwarf;
				ENABLE_STRICT_OBJC_MSGSEND = YES;
				ENABLE_TESTABILITY = YES;
				GCC_C_LANGUAGE_STANDARD = gnu11;
				GCC_DYNAMIC_NO_PIC = NO;
				GCC_NO_COMMON_BLOCKS = YES;
				GCC_OPTIMIZATION_LEVEL = 0;
				GCC_PREPROCESSOR_DEFINITIONS = (
					"DEBUG=1",
					"$(inherited)",
				);
				GCC_WARN_64_TO_32_BIT_CONVERSION = YES;
				GCC_WARN_ABOUT_RETURN_TYPE = YES_ERROR;
				GCC_WARN_UNDECLARED_SELECTOR = YES;
				GCC_WARN_UNINITIALIZED_AUTOS = YES_AGGRESSIVE;
				GCC_WARN_UNUSED_FUNCTION = YES;
				GCC_WARN_UNUSED_VARIABLE = YES;
				IPHONEOS_DEPLOYMENT_TARGET = 16.4;
				MTL_ENABLE_DEBUG_INFO = INCLUDE_SOURCE;
				MTL_FAST_MATH = YES;
				ONLY_ACTIVE_ARCH = YES;
				SDKROOT = iphoneos;
				SWIFT_ACTIVE_COMPILATION_CONDITIONS = DEBUG;
				SWIFT_OPTIMIZATION_LEVEL = "-Onone";
			};
			name = Debug;
		};
		60F6FE2729E4AC650084C90E /* Release */ = {
			isa = XCBuildConfiguration;
			buildSettings = {
				ALWAYS_SEARCH_USER_PATHS = NO;
				CLANG_ANALYZER_NONNULL = YES;
				CLANG_ANALYZER_NUMBER_OBJECT_CONVERSION = YES_AGGRESSIVE;
				CLANG_CXX_LANGUAGE_STANDARD = "gnu++20";
				CLANG_ENABLE_MODULES = YES;
				CLANG_ENABLE_OBJC_ARC = YES;
				CLANG_ENABLE_OBJC_WEAK = YES;
				CLANG_WARN_BLOCK_CAPTURE_AUTORELEASING = YES;
				CLANG_WARN_BOOL_CONVERSION = YES;
				CLANG_WARN_COMMA = YES;
				CLANG_WARN_CONSTANT_CONVERSION = YES;
				CLANG_WARN_DEPRECATED_OBJC_IMPLEMENTATIONS = YES;
				CLANG_WARN_DIRECT_OBJC_ISA_USAGE = YES_ERROR;
				CLANG_WARN_DOCUMENTATION_COMMENTS = YES;
				CLANG_WARN_EMPTY_BODY = YES;
				CLANG_WARN_ENUM_CONVERSION = YES;
				CLANG_WARN_INFINITE_RECURSION = YES;
				CLANG_WARN_INT_CONVERSION = YES;
				CLANG_WARN_NON_LITERAL_NULL_CONVERSION = YES;
				CLANG_WARN_OBJC_IMPLICIT_RETAIN_SELF = YES;
				CLANG_WARN_OBJC_LITERAL_CONVERSION = YES;
				CLANG_WARN_OBJC_ROOT_CLASS = YES_ERROR;
				CLANG_WARN_QUOTED_INCLUDE_IN_FRAMEWORK_HEADER = YES;
				CLANG_WARN_RANGE_LOOP_ANALYSIS = YES;
				CLANG_WARN_STRICT_PROTOTYPES = YES;
				CLANG_WARN_SUSPICIOUS_MOVE = YES;
				CLANG_WARN_UNGUARDED_AVAILABILITY = YES_AGGRESSIVE;
				CLANG_WARN_UNREACHABLE_CODE = YES;
				CLANG_WARN__DUPLICATE_METHOD_MATCH = YES;
				COPY_PHASE_STRIP = NO;
				DEBUG_INFORMATION_FORMAT = "dwarf-with-dsym";
				ENABLE_NS_ASSERTIONS = NO;
				ENABLE_STRICT_OBJC_MSGSEND = YES;
				GCC_C_LANGUAGE_STANDARD = gnu11;
				GCC_NO_COMMON_BLOCKS = YES;
				GCC_WARN_64_TO_32_BIT_CONVERSION = YES;
				GCC_WARN_ABOUT_RETURN_TYPE = YES_ERROR;
				GCC_WARN_UNDECLARED_SELECTOR = YES;
				GCC_WARN_UNINITIALIZED_AUTOS = YES_AGGRESSIVE;
				GCC_WARN_UNUSED_FUNCTION = YES;
				GCC_WARN_UNUSED_VARIABLE = YES;
				IPHONEOS_DEPLOYMENT_TARGET = 16.4;
				MTL_ENABLE_DEBUG_INFO = NO;
				MTL_FAST_MATH = YES;
				SDKROOT = iphoneos;
				SWIFT_COMPILATION_MODE = wholemodule;
				SWIFT_OPTIMIZATION_LEVEL = "-O";
				VALIDATE_PRODUCT = YES;
			};
			name = Release;
		};
		60F6FE2929E4AC650084C90E /* Debug */ = {
			isa = XCBuildConfiguration;
			buildSettings = {
				ASSETCATALOG_COMPILER_APPICON_NAME = AppIcon;
				ASSETCATALOG_COMPILER_GLOBAL_ACCENT_COLOR_NAME = AccentColor;
				CODE_SIGN_STYLE = Automatic;
				CURRENT_PROJECT_VERSION = 1;
				DEVELOPMENT_TEAM = WL3K4A7DH8;
				GENERATE_INFOPLIST_FILE = YES;
				INFOPLIST_FILE = Bankey/Info.plist;
				INFOPLIST_KEY_LSApplicationCategoryType = "public.app-category.finance";
				INFOPLIST_KEY_UIApplicationSupportsIndirectInputEvents = YES;
				INFOPLIST_KEY_UILaunchStoryboardName = LaunchScreen;
				INFOPLIST_KEY_UISupportedInterfaceOrientations = UIInterfaceOrientationPortrait;
				IPHONEOS_DEPLOYMENT_TARGET = 15.0;
				LD_RUNPATH_SEARCH_PATHS = (
					"$(inherited)",
					"@executable_path/Frameworks",
				);
				MARKETING_VERSION = 1.0;
				PRODUCT_BUNDLE_IDENTIFIER = com.barisdilekci.Bankey;
				PRODUCT_NAME = "$(TARGET_NAME)";
				SWIFT_EMIT_LOC_STRINGS = YES;
				SWIFT_VERSION = 5.0;
				TARGETED_DEVICE_FAMILY = "1,2";
			};
			name = Debug;
		};
		60F6FE2A29E4AC650084C90E /* Release */ = {
			isa = XCBuildConfiguration;
			buildSettings = {
				ASSETCATALOG_COMPILER_APPICON_NAME = AppIcon;
				ASSETCATALOG_COMPILER_GLOBAL_ACCENT_COLOR_NAME = AccentColor;
				CODE_SIGN_STYLE = Automatic;
				CURRENT_PROJECT_VERSION = 1;
				DEVELOPMENT_TEAM = WL3K4A7DH8;
				GENERATE_INFOPLIST_FILE = YES;
				INFOPLIST_FILE = Bankey/Info.plist;
				INFOPLIST_KEY_LSApplicationCategoryType = "public.app-category.finance";
				INFOPLIST_KEY_UIApplicationSupportsIndirectInputEvents = YES;
				INFOPLIST_KEY_UILaunchStoryboardName = LaunchScreen;
				INFOPLIST_KEY_UISupportedInterfaceOrientations = UIInterfaceOrientationPortrait;
				IPHONEOS_DEPLOYMENT_TARGET = 15.0;
				LD_RUNPATH_SEARCH_PATHS = (
					"$(inherited)",
					"@executable_path/Frameworks",
				);
				MARKETING_VERSION = 1.0;
				PRODUCT_BUNDLE_IDENTIFIER = com.barisdilekci.Bankey;
				PRODUCT_NAME = "$(TARGET_NAME)";
				SWIFT_EMIT_LOC_STRINGS = YES;
				SWIFT_VERSION = 5.0;
				TARGETED_DEVICE_FAMILY = "1,2";
			};
			name = Release;
		};
/* End XCBuildConfiguration section */

/* Begin XCConfigurationList section */
		60C134E129E9867300EA6634 /* Build configuration list for PBXNativeTarget "BankeyUI,Tests" */ = {
			isa = XCConfigurationList;
			buildConfigurations = (
				60C134E229E9867300EA6634 /* Debug */,
				60C134E329E9867300EA6634 /* Release */,
			);
			defaultConfigurationIsVisible = 0;
			defaultConfigurationName = Release;
		};
		60C134F129E9871E00EA6634 /* Build configuration list for PBXNativeTarget "BankeyUITests" */ = {
			isa = XCConfigurationList;
			buildConfigurations = (
				60C134F229E9871E00EA6634 /* Debug */,
				60C134F329E9871E00EA6634 /* Release */,
			);
			defaultConfigurationIsVisible = 0;
			defaultConfigurationName = Release;
		};
		60F6FE0F29E4AC640084C90E /* Build configuration list for PBXProject "Bankey" */ = {
			isa = XCConfigurationList;
			buildConfigurations = (
				60F6FE2629E4AC650084C90E /* Debug */,
				60F6FE2729E4AC650084C90E /* Release */,
			);
			defaultConfigurationIsVisible = 0;
			defaultConfigurationName = Release;
		};
		60F6FE2829E4AC650084C90E /* Build configuration list for PBXNativeTarget "Bankey" */ = {
			isa = XCConfigurationList;
			buildConfigurations = (
				60F6FE2929E4AC650084C90E /* Debug */,
				60F6FE2A29E4AC650084C90E /* Release */,
			);
			defaultConfigurationIsVisible = 0;
			defaultConfigurationName = Release;
		};
/* End XCConfigurationList section */
	};
	rootObject = 60F6FE0C29E4AC640084C90E /* Project object */;
}
